
Microsoft Visual Studio Solution File, Format Version 12.00
Project("{FAE04EC0-301F-11D3-BF4B-00C04F79EFBC}") = "WebApplication6", "WebApplication6\WebApplication6.csproj", "{891DED77-09E8-4402-B27C-820869A25158}"
EndProject
Global
	GlobalSection(SolutionConfigurationPlatforms) = preSolution
		Debug|Any CPU = Debug|Any CPU
		Release|Any CPU = Release|Any CPU
	EndGlobalSection
	GlobalSection(ProjectConfigurationPlatforms) = postSolution
		{891DED77-09E8-4402-B27C-820869A25158}.Debug|Any CPU.ActiveCfg = Debug|Any CPU
		{891DED77-09E8-4402-B27C-820869A25158}.Debug|Any CPU.Build.0 = Debug|Any CPU
		{891DED77-09E8-4402-B27C-820869A25158}.Release|Any CPU.ActiveCfg = Release|Any CPU
		{891DED77-09E8-4402-B27C-820869A25158}.Release|Any CPU.Build.0 = Release|Any CPU
	EndGlobalSection
EndGlobal
